
Microsoft Visual Studio Solution File, Format Version 12.00
# Visual Studio Version 16
VisualStudioVersion = 25.0.1704.0
MinimumVisualStudioVersion = 10.0.40219.1
Project("{FAE04EC0-301F-11D3-BF4B-00C04F79EFBC}") = "RedisToDoList.API", "RedisToDoList.API.csproj", "{70ED56EA-1EFD-40B7-9F25-645E02F90786}"
EndProject
Global
	GlobalSection(SolutionConfigurationPlatforms) = preSolution
		Debug|Any CPU = Debug|Any CPU
		Release|Any CPU = Release|Any CPU
	EndGlobalSection
	GlobalSection(ProjectConfigurationPlatforms) = postSolution
		{70ED56EA-1EFD-40B7-9F25-645E02F90786}.Debug|Any CPU.ActiveCfg = Debug|Any CPU
		{70ED56EA-1EFD-40B7-9F25-645E02F90786}.Debug|Any CPU.Build.0 = Debug|Any CPU
		{70ED56EA-1EFD-40B7-9F25-645E02F90786}.Release|Any CPU.ActiveCfg = Release|Any CPU
		{70ED56EA-1EFD-40B7-9F25-645E02F90786}.Release|Any CPU.Build.0 = Release|Any CPU
	EndGlobalSection
	GlobalSection(SolutionProperties) = preSolution
		HideSolutionNode = FALSE
	EndGlobalSection
	GlobalSection(ExtensibilityGlobals) = postSolution
		SolutionGuid = {E68FE5FC-14B2-4A00-93A2-8DAF58B4E257}
	EndGlobalSection
EndGlobal
